
Microsoft Visual Studio Solution File, Format Version 12.00
# Visual Studio 15
VisualStudioVersion = 15.0.28010.2041
MinimumVisualStudioVersion = 10.0.40219.1
Project("{FAE04EC0-301F-11D3-BF4B-00C04F79EFBC}") = "SimpleIoC.UnitTests", "SimpleIoC.UnitTests\SimpleIoC.UnitTests.csproj", "{1883100E-D4E4-4367-8F03-F78F32CEC1E6}"
EndProject
Project("{FAE04EC0-301F-11D3-BF4B-00C04F79EFBC}") = "Services", "Services\Services.csproj", "{94336327-3BAD-4372-8669-04E71BB4CE45}"
EndProject
Project("{FAE04EC0-301F-11D3-BF4B-00C04F79EFBC}") = "IoCLiteContainer", "IoCLiteContainer\IoCLiteContainer.csproj", "{71D7BED0-8860-4123-BB00-3F184E8E0E44}"
EndProject
Global
	GlobalSection(SolutionConfigurationPlatforms) = preSolution
		Debug|Any CPU = Debug|Any CPU
		Release|Any CPU = Release|Any CPU
	EndGlobalSection
	GlobalSection(ProjectConfigurationPlatforms) = postSolution
		{1883100E-D4E4-4367-8F03-F78F32CEC1E6}.Debug|Any CPU.ActiveCfg = Debug|Any CPU
		{1883100E-D4E4-4367-8F03-F78F32CEC1E6}.Debug|Any CPU.Build.0 = Debug|Any CPU
		{1883100E-D4E4-4367-8F03-F78F32CEC1E6}.Release|Any CPU.ActiveCfg = Release|Any CPU
		{1883100E-D4E4-4367-8F03-F78F32CEC1E6}.Release|Any CPU.Build.0 = Release|Any CPU
		{94336327-3BAD-4372-8669-04E71BB4CE45}.Debug|Any CPU.ActiveCfg = Debug|Any CPU
		{94336327-3BAD-4372-8669-04E71BB4CE45}.Debug|Any CPU.Build.0 = Debug|Any CPU
		{94336327-3BAD-4372-8669-04E71BB4CE45}.Release|Any CPU.ActiveCfg = Release|Any CPU
		{94336327-3BAD-4372-8669-04E71BB4CE45}.Release|Any CPU.Build.0 = Release|Any CPU
		{71D7BED0-8860-4123-BB00-3F184E8E0E44}.Debug|Any CPU.ActiveCfg = Debug|Any CPU
		{71D7BED0-8860-4123-BB00-3F184E8E0E44}.Debug|Any CPU.Build.0 = Debug|Any CPU
		{71D7BED0-8860-4123-BB00-3F184E8E0E44}.Release|Any CPU.ActiveCfg = Release|Any CPU
		{71D7BED0-8860-4123-BB00-3F184E8E0E44}.Release|Any CPU.Build.0 = Release|Any CPU
	EndGlobalSection
	GlobalSection(SolutionProperties) = preSolution
		HideSolutionNode = FALSE
	EndGlobalSection
	GlobalSection(ExtensibilityGlobals) = postSolution
		SolutionGuid = {B801C008-F807-4DA0-88CF-5067D13F7D8E}
	EndGlobalSection
EndGlobal
